{
  "pins" : [
    {
      "identity" : "s57parser",
      "kind" : "remoteSourceControl",
      "location" : "https://github.com/fgorina/S57Parser.git",
      "state" : {
        "branch" : "main",
        "revision" : "a626509a87bad09564dc1a08608b2132c361b20d"
      }
    }
  ],
  "version" : 2
}
